
Microsoft Visual Studio Solution File, Format Version 12.00
# Visual Studio Version 16
VisualStudioVersion = 16.0.29326.143
MinimumVisualStudioVersion = 10.0.40219.1
Project("{9A19103F-16F7-4668-BE54-9A1E7A4F7556}") = "AkkaTesting", "AkkaTesting\AkkaTesting.csproj", "{C7EAA37A-D0BF-40CF-A2F2-247F4E0ABE18}"
EndProject
Project("{9A19103F-16F7-4668-BE54-9A1E7A4F7556}") = "AkkaTesting.Data", "AkkaTesting.Data\AkkaTesting.Data.csproj", "{8E6196DD-831E-4B51-90C6-323CB9A660A8}"
EndProject
Project("{9A19103F-16F7-4668-BE54-9A1E7A4F7556}") = "AkkaTesting.Domain", "AkkaTesting.Domain\AkkaTesting.Domain.csproj", "{5D6CCE20-4E6C-46E1-B397-977EAE0D56FC}"
EndProject
Project("{2150E333-8FDC-42A3-9474-1A3956D46DE8}") = "0 - Presentation", "0 - Presentation", "{2C39F5A5-4843-47C3-A140-E4AFF66B7DD6}"
EndProject
Project("{2150E333-8FDC-42A3-9474-1A3956D46DE8}") = "1 - Domain", "1 - Domain", "{574CF5F3-C893-4AB6-B1AF-1299E792218A}"
EndProject
Project("{2150E333-8FDC-42A3-9474-1A3956D46DE8}") = "2 - Infra", "2 - Infra", "{3B098BC3-A2FD-4D81-B27A-617A519FA75B}"
EndProject
Project("{9A19103F-16F7-4668-BE54-9A1E7A4F7556}") = "AkkaTesting.Infra.Helper", "AkkaTesting.Infra.Helper\AkkaTesting.Infra.Helper.csproj", "{AD8A9466-5154-4D04-A5E3-C21196A71DD1}"
EndProject
Global
	GlobalSection(SolutionConfigurationPlatforms) = preSolution
		Debug|Any CPU = Debug|Any CPU
		Release|Any CPU = Release|Any CPU
	EndGlobalSection
	GlobalSection(ProjectConfigurationPlatforms) = postSolution
		{C7EAA37A-D0BF-40CF-A2F2-247F4E0ABE18}.Debug|Any CPU.ActiveCfg = Debug|Any CPU
		{C7EAA37A-D0BF-40CF-A2F2-247F4E0ABE18}.Debug|Any CPU.Build.0 = Debug|Any CPU
		{C7EAA37A-D0BF-40CF-A2F2-247F4E0ABE18}.Release|Any CPU.ActiveCfg = Release|Any CPU
		{C7EAA37A-D0BF-40CF-A2F2-247F4E0ABE18}.Release|Any CPU.Build.0 = Release|Any CPU
		{8E6196DD-831E-4B51-90C6-323CB9A660A8}.Debug|Any CPU.ActiveCfg = Debug|Any CPU
		{8E6196DD-831E-4B51-90C6-323CB9A660A8}.Debug|Any CPU.Build.0 = Debug|Any CPU
		{8E6196DD-831E-4B51-90C6-323CB9A660A8}.Release|Any CPU.ActiveCfg = Release|Any CPU
		{8E6196DD-831E-4B51-90C6-323CB9A660A8}.Release|Any CPU.Build.0 = Release|Any CPU
		{5D6CCE20-4E6C-46E1-B397-977EAE0D56FC}.Debug|Any CPU.ActiveCfg = Debug|Any CPU
		{5D6CCE20-4E6C-46E1-B397-977EAE0D56FC}.Debug|Any CPU.Build.0 = Debug|Any CPU
		{5D6CCE20-4E6C-46E1-B397-977EAE0D56FC}.Release|Any CPU.ActiveCfg = Release|Any CPU
		{5D6CCE20-4E6C-46E1-B397-977EAE0D56FC}.Release|Any CPU.Build.0 = Release|Any CPU
		{AD8A9466-5154-4D04-A5E3-C21196A71DD1}.Debug|Any CPU.ActiveCfg = Debug|Any CPU
		{AD8A9466-5154-4D04-A5E3-C21196A71DD1}.Debug|Any CPU.Build.0 = Debug|Any CPU
		{AD8A9466-5154-4D04-A5E3-C21196A71DD1}.Release|Any CPU.ActiveCfg = Release|Any CPU
		{AD8A9466-5154-4D04-A5E3-C21196A71DD1}.Release|Any CPU.Build.0 = Release|Any CPU
	EndGlobalSection
	GlobalSection(SolutionProperties) = preSolution
		HideSolutionNode = FALSE
	EndGlobalSection
	GlobalSection(NestedProjects) = preSolution
		{C7EAA37A-D0BF-40CF-A2F2-247F4E0ABE18} = {2C39F5A5-4843-47C3-A140-E4AFF66B7DD6}
		{8E6196DD-831E-4B51-90C6-323CB9A660A8} = {3B098BC3-A2FD-4D81-B27A-617A519FA75B}
		{5D6CCE20-4E6C-46E1-B397-977EAE0D56FC} = {574CF5F3-C893-4AB6-B1AF-1299E792218A}
		{AD8A9466-5154-4D04-A5E3-C21196A71DD1} = {3B098BC3-A2FD-4D81-B27A-617A519FA75B}
	EndGlobalSection
	GlobalSection(ExtensibilityGlobals) = postSolution
		SolutionGuid = {1C07A7DE-122C-44AE-A0E0-832FC454CF8B}
	EndGlobalSection
EndGlobal
